
Microsoft Visual Studio Solution File, Format Version 12.00
# Visual Studio 15
VisualStudioVersion = 15.0.27004.2002
MinimumVisualStudioVersion = 10.0.40219.1
Project("{FAE04EC0-301F-11D3-BF4B-00C04F79EFBC}") = "MSP_Xamarin_Demo.Android", "MSP Xamarin Demo\MSP_Xamarin_Demo.Android\MSP_Xamarin_Demo.Android.csproj", "{20B4B989-B59E-44B0-9EA9-C142C00314A9}"
EndProject
Project("{FAE04EC0-301F-11D3-BF4B-00C04F79EFBC}") = "MSP_Xamarin_Demo.UWP", "MSP Xamarin Demo\MSP_Xamarin_Demo.UWP\MSP_Xamarin_Demo.UWP.csproj", "{975D9B64-DF4E-4CB4-8AEB-9B6E6AB3544B}"
EndProject
Project("{FAE04EC0-301F-11D3-BF4B-00C04F79EFBC}") = "MSP_Xamarin_Demo.iOS", "MSP Xamarin Demo\MSP_Xamarin_Demo.iOS\MSP_Xamarin_Demo.iOS.csproj", "{1E5497F8-329B-41F2-85B7-2479A1646616}"
EndProject
Project("{FAE04EC0-301F-11D3-BF4B-00C04F79EFBC}") = "MSP_Xamarin_Demo", "MSP Xamarin Demo\MSP_Xamarin_Demo\MSP_Xamarin_Demo.csproj", "{982112C2-DB88-4148-977F-0AB16F7E74B4}"
EndProject
Global
	GlobalSection(SolutionConfigurationPlatforms) = preSolution
		Ad-Hoc|Any CPU = Ad-Hoc|Any CPU
		Ad-Hoc|ARM = Ad-Hoc|ARM
		Ad-Hoc|iPhone = Ad-Hoc|iPhone
		Ad-Hoc|iPhoneSimulator = Ad-Hoc|iPhoneSimulator
		Ad-Hoc|x64 = Ad-Hoc|x64
		Ad-Hoc|x86 = Ad-Hoc|x86
		AppStore|Any CPU = AppStore|Any CPU
		AppStore|ARM = AppStore|ARM
		AppStore|iPhone = AppStore|iPhone
		AppStore|iPhoneSimulator = AppStore|iPhoneSimulator
		AppStore|x64 = AppStore|x64
		AppStore|x86 = AppStore|x86
		Debug|Any CPU = Debug|Any CPU
		Debug|ARM = Debug|ARM
		Debug|iPhone = Debug|iPhone
		Debug|iPhoneSimulator = Debug|iPhoneSimulator
		Debug|x64 = Debug|x64
		Debug|x86 = Debug|x86
		Release|Any CPU = Release|Any CPU
		Release|ARM = Release|ARM
		Release|iPhone = Release|iPhone
		Release|iPhoneSimulator = Release|iPhoneSimulator
		Release|x64 = Release|x64
		Release|x86 = Release|x86
	EndGlobalSection
	GlobalSection(ProjectConfigurationPlatforms) = postSolution
		{20B4B989-B59E-44B0-9EA9-C142C00314A9}.Ad-Hoc|Any CPU.ActiveCfg = Release|Any CPU
		{20B4B989-B59E-44B0-9EA9-C142C00314A9}.Ad-Hoc|Any CPU.Build.0 = Release|Any CPU
		{20B4B989-B59E-44B0-9EA9-C142C00314A9}.Ad-Hoc|Any CPU.Deploy.0 = Release|Any CPU
		{20B4B989-B59E-44B0-9EA9-C142C00314A9}.Ad-Hoc|ARM.ActiveCfg = Release|Any CPU
		{20B4B989-B59E-44B0-9EA9-C142C00314A9}.Ad-Hoc|ARM.Build.0 = Release|Any CPU
		{20B4B989-B59E-44B0-9EA9-C142C00314A9}.Ad-Hoc|ARM.Deploy.0 = Release|Any CPU
		{20B4B989-B59E-44B0-9EA9-C142C00314A9}.Ad-Hoc|iPhone.ActiveCfg = Release|Any CPU
		{20B4B989-B59E-44B0-9EA9-C142C00314A9}.Ad-Hoc|iPhone.Build.0 = Release|Any CPU
		{20B4B989-B59E-44B0-9EA9-C142C00314A9}.Ad-Hoc|iPhone.Deploy.0 = Release|Any CPU
		{20B4B989-B59E-44B0-9EA9-C142C00314A9}.Ad-Hoc|iPhoneSimulator.ActiveCfg = Release|Any CPU
		{20B4B989-B59E-44B0-9EA9-C142C00314A9}.Ad-Hoc|iPhoneSimulator.Build.0 = Release|Any CPU
		{20B4B989-B59E-44B0-9EA9-C142C00314A9}.Ad-Hoc|iPhoneSimulator.Deploy.0 = Release|Any CPU
		{20B4B989-B59E-44B0-9EA9-C142C00314A9}.Ad-Hoc|x64.ActiveCfg = Release|Any CPU
		{20B4B989-B59E-44B0-9EA9-C142C00314A9}.Ad-Hoc|x64.Build.0 = Release|Any CPU
		{20B4B989-B59E-44B0-9EA9-C142C00314A9}.Ad-Hoc|x64.Deploy.0 = Release|Any CPU
		{20B4B989-B59E-44B0-9EA9-C142C00314A9}.Ad-Hoc|x86.ActiveCfg = Release|Any CPU
		{20B4B989-B59E-44B0-9EA9-C142C00314A9}.Ad-Hoc|x86.Build.0 = Release|Any CPU
		{20B4B989-B59E-44B0-9EA9-C142C00314A9}.Ad-Hoc|x86.Deploy.0 = Release|Any CPU
		{20B4B989-B59E-44B0-9EA9-C142C00314A9}.AppStore|Any CPU.ActiveCfg = Release|Any CPU
		{20B4B989-B59E-44B0-9EA9-C142C00314A9}.AppStore|Any CPU.Build.0 = Release|Any CPU
		{20B4B989-B59E-44B0-9EA9-C142C00314A9}.AppStore|Any CPU.Deploy.0 = Release|Any CPU
		{20B4B989-B59E-44B0-9EA9-C142C00314A9}.AppStore|ARM.ActiveCfg = Release|Any CPU
		{20B4B989-B59E-44B0-9EA9-C142C00314A9}.AppStore|ARM.Build.0 = Release|Any CPU
		{20B4B989-B59E-44B0-9EA9-C142C00314A9}.AppStore|ARM.Deploy.0 = Release|Any CPU
		{20B4B989-B59E-44B0-9EA9-C142C00314A9}.AppStore|iPhone.ActiveCfg = Release|Any CPU
		{20B4B989-B59E-44B0-9EA9-C142C00314A9}.AppStore|iPhone.Build.0 = Release|Any CPU
		{20B4B989-B59E-44B0-9EA9-C142C00314A9}.AppStore|iPhone.Deploy.0 = Release|Any CPU
		{20B4B989-B59E-44B0-9EA9-C142C00314A9}.AppStore|iPhoneSimulator.ActiveCfg = Release|Any CPU
		{20B4B989-B59E-44B0-9EA9-C142C00314A9}.AppStore|iPhoneSimulator.Build.0 = Release|Any CPU
		{20B4B989-B59E-44B0-9EA9-C142C00314A9}.AppStore|iPhoneSimulator.Deploy.0 = Release|Any CPU
		{20B4B989-B59E-44B0-9EA9-C142C00314A9}.AppStore|x64.ActiveCfg = Release|Any CPU
		{20B4B989-B59E-44B0-9EA9-C142C00314A9}.AppStore|x64.Build.0 = Release|Any CPU
		{20B4B989-B59E-44B0-9EA9-C142C00314A9}.AppStore|x64.Deploy.0 = Release|Any CPU
		{20B4B989-B59E-44B0-9EA9-C142C00314A9}.AppStore|x86.ActiveCfg = Release|Any CPU
		{20B4B989-B59E-44B0-9EA9-C142C00314A9}.AppStore|x86.Build.0 = Release|Any CPU
		{20B4B989-B59E-44B0-9EA9-C142C00314A9}.AppStore|x86.Deploy.0 = Release|Any CPU
		{20B4B989-B59E-44B0-9EA9-C142C00314A9}.Debug|Any CPU.ActiveCfg = Debug|Any CPU
		{20B4B989-B59E-44B0-9EA9-C142C00314A9}.Debug|Any CPU.Build.0 = Debug|Any CPU
		{20B4B989-B59E-44B0-9EA9-C142C00314A9}.Debug|Any CPU.Deploy.0 = Debug|Any CPU
		{20B4B989-B59E-44B0-9EA9-C142C00314A9}.Debug|ARM.ActiveCfg = Debug|Any CPU
		{20B4B989-B59E-44B0-9EA9-C142C00314A9}.Debug|ARM.Build.0 = Debug|Any CPU
		{20B4B989-B59E-44B0-9EA9-C142C00314A9}.Debug|ARM.Deploy.0 = Debug|Any CPU
		{20B4B989-B59E-44B0-9EA9-C142C00314A9}.Debug|iPhone.ActiveCfg = Debug|Any CPU
		{20B4B989-B59E-44B0-9EA9-C142C00314A9}.Debug|iPhone.Build.0 = Debug|Any CPU
		{20B4B989-B59E-44B0-9EA9-C142C00314A9}.Debug|iPhone.Deploy.0 = Debug|Any CPU
		{20B4B989-B59E-44B0-9EA9-C142C00314A9}.Debug|iPhoneSimulator.ActiveCfg = Debug|Any CPU
		{20B4B989-B59E-44B0-9EA9-C142C00314A9}.Debug|iPhoneSimulator.Build.0 = Debug|Any CPU
		{20B4B989-B59E-44B0-9EA9-C142C00314A9}.Debug|iPhoneSimulator.Deploy.0 = Debug|Any CPU
		{20B4B989-B59E-44B0-9EA9-C142C00314A9}.Debug|x64.ActiveCfg = Debug|Any CPU
		{20B4B989-B59E-44B0-9EA9-C142C00314A9}.Debug|x64.Build.0 = Debug|Any CPU
		{20B4B989-B59E-44B0-9EA9-C142C00314A9}.Debug|x64.Deploy.0 = Debug|Any CPU
		{20B4B989-B59E-44B0-9EA9-C142C00314A9}.Debug|x86.ActiveCfg = Debug|Any CPU
		{20B4B989-B59E-44B0-9EA9-C142C00314A9}.Debug|x86.Build.0 = Debug|Any CPU
		{20B4B989-B59E-44B0-9EA9-C142C00314A9}.Debug|x86.Deploy.0 = Debug|Any CPU
		{20B4B989-B59E-44B0-9EA9-C142C00314A9}.Release|Any CPU.ActiveCfg = Release|Any CPU
		{20B4B989-B59E-44B0-9EA9-C142C00314A9}.Release|Any CPU.Build.0 = Release|Any CPU
		{20B4B989-B59E-44B0-9EA9-C142C00314A9}.Release|Any CPU.Deploy.0 = Release|Any CPU
		{20B4B989-B59E-44B0-9EA9-C142C00314A9}.Release|ARM.ActiveCfg = Release|Any CPU
		{20B4B989-B59E-44B0-9EA9-C142C00314A9}.Release|ARM.Build.0 = Release|Any CPU
		{20B4B989-B59E-44B0-9EA9-C142C00314A9}.Release|ARM.Deploy.0 = Release|Any CPU
		{20B4B989-B59E-44B0-9EA9-C142C00314A9}.Release|iPhone.ActiveCfg = Release|Any CPU
		{20B4B989-B59E-44B0-9EA9-C142C00314A9}.Release|iPhone.Build.0 = Release|Any CPU
		{20B4B989-B59E-44B0-9EA9-C142C00314A9}.Release|iPhone.Deploy.0 = Release|Any CPU
		{20B4B989-B59E-44B0-9EA9-C142C00314A9}.Release|iPhoneSimulator.ActiveCfg = Release|Any CPU
		{20B4B989-B59E-44B0-9EA9-C142C00314A9}.Release|iPhoneSimulator.Build.0 = Release|Any CPU
		{20B4B989-B59E-44B0-9EA9-C142C00314A9}.Release|iPhoneSimulator.Deploy.0 = Release|Any CPU
		{20B4B989-B59E-44B0-9EA9-C142C00314A9}.Release|x64.ActiveCfg = Release|Any CPU
		{20B4B989-B59E-44B0-9EA9-C142C00314A9}.Release|x64.Build.0 = Release|Any CPU
		{20B4B989-B59E-44B0-9EA9-C142C00314A9}.Release|x64.Deploy.0 = Release|Any CPU
		{20B4B989-B59E-44B0-9EA9-C142C00314A9}.Release|x86.ActiveCfg = Release|Any CPU
		{20B4B989-B59E-44B0-9EA9-C142C00314A9}.Release|x86.Build.0 = Release|Any CPU
		{20B4B989-B59E-44B0-9EA9-C142C00314A9}.Release|x86.Deploy.0 = Release|Any CPU
		{975D9B64-DF4E-4CB4-8AEB-9B6E6AB3544B}.Ad-Hoc|Any CPU.ActiveCfg = Release|x86
		{975D9B64-DF4E-4CB4-8AEB-9B6E6AB3544B}.Ad-Hoc|Any CPU.Build.0 = Release|x86
		{975D9B64-DF4E-4CB4-8AEB-9B6E6AB3544B}.Ad-Hoc|Any CPU.Deploy.0 = Release|x86
		{975D9B64-DF4E-4CB4-8AEB-9B6E6AB3544B}.Ad-Hoc|ARM.ActiveCfg = Release|ARM
		{975D9B64-DF4E-4CB4-8AEB-9B6E6AB3544B}.Ad-Hoc|ARM.Build.0 = Release|ARM
		{975D9B64-DF4E-4CB4-8AEB-9B6E6AB3544B}.Ad-Hoc|ARM.Deploy.0 = Release|ARM
		{975D9B64-DF4E-4CB4-8AEB-9B6E6AB3544B}.Ad-Hoc|iPhone.ActiveCfg = Release|x86
		{975D9B64-DF4E-4CB4-8AEB-9B6E6AB3544B}.Ad-Hoc|iPhone.Build.0 = Release|x86
		{975D9B64-DF4E-4CB4-8AEB-9B6E6AB3544B}.Ad-Hoc|iPhone.Deploy.0 = Release|x86
		{975D9B64-DF4E-4CB4-8AEB-9B6E6AB3544B}.Ad-Hoc|iPhoneSimulator.ActiveCfg = Release|x86
		{975D9B64-DF4E-4CB4-8AEB-9B6E6AB3544B}.Ad-Hoc|iPhoneSimulator.Build.0 = Release|x86
		{975D9B64-DF4E-4CB4-8AEB-9B6E6AB3544B}.Ad-Hoc|iPhoneSimulator.Deploy.0 = Release|x86
		{975D9B64-DF4E-4CB4-8AEB-9B6E6AB3544B}.Ad-Hoc|x64.ActiveCfg = Release|x64
		{975D9B64-DF4E-4CB4-8AEB-9B6E6AB3544B}.Ad-Hoc|x64.Build.0 = Release|x64
		{975D9B64-DF4E-4CB4-8AEB-9B6E6AB3544B}.Ad-Hoc|x64.Deploy.0 = Release|x64
		{975D9B64-DF4E-4CB4-8AEB-9B6E6AB3544B}.Ad-Hoc|x86.ActiveCfg = Release|x86
		{975D9B64-DF4E-4CB4-8AEB-9B6E6AB3544B}.Ad-Hoc|x86.Build.0 = Release|x86
		{975D9B64-DF4E-4CB4-8AEB-9B6E6AB3544B}.Ad-Hoc|x86.Deploy.0 = Release|x86
		{975D9B64-DF4E-4CB4-8AEB-9B6E6AB3544B}.AppStore|Any CPU.ActiveCfg = Release|x86
		{975D9B64-DF4E-4CB4-8AEB-9B6E6AB3544B}.AppStore|Any CPU.Build.0 = Release|x86
		{975D9B64-DF4E-4CB4-8AEB-9B6E6AB3544B}.AppStore|Any CPU.Deploy.0 = Release|x86
		{975D9B64-DF4E-4CB4-8AEB-9B6E6AB3544B}.AppStore|ARM.ActiveCfg = Release|ARM
		{975D9B64-DF4E-4CB4-8AEB-9B6E6AB3544B}.AppStore|ARM.Build.0 = Release|ARM
		{975D9B64-DF4E-4CB4-8AEB-9B6E6AB3544B}.AppStore|ARM.Deploy.0 = Release|ARM
		{975D9B64-DF4E-4CB4-8AEB-9B6E6AB3544B}.AppStore|iPhone.ActiveCfg = Release|x86
		{975D9B64-DF4E-4CB4-8AEB-9B6E6AB3544B}.AppStore|iPhone.Build.0 = Release|x86
		{975D9B64-DF4E-4CB4-8AEB-9B6E6AB3544B}.AppStore|iPhone.Deploy.0 = Release|x86
		{975D9B64-DF4E-4CB4-8AEB-9B6E6AB3544B}.AppStore|iPhoneSimulator.ActiveCfg = Release|x86
		{975D9B64-DF4E-4CB4-8AEB-9B6E6AB3544B}.AppStore|iPhoneSimulator.Build.0 = Release|x86
		{975D9B64-DF4E-4CB4-8AEB-9B6E6AB3544B}.AppStore|iPhoneSimulator.Deploy.0 = Release|x86
		{975D9B64-DF4E-4CB4-8AEB-9B6E6AB3544B}.AppStore|x64.ActiveCfg = Release|x64
		{975D9B64-DF4E-4CB4-8AEB-9B6E6AB3544B}.AppStore|x64.Build.0 = Release|x64
		{975D9B64-DF4E-4CB4-8AEB-9B6E6AB3544B}.AppStore|x64.Deploy.0 = Release|x64
		{975D9B64-DF4E-4CB4-8AEB-9B6E6AB3544B}.AppStore|x86.ActiveCfg = Release|x86
		{975D9B64-DF4E-4CB4-8AEB-9B6E6AB3544B}.AppStore|x86.Build.0 = Release|x86
		{975D9B64-DF4E-4CB4-8AEB-9B6E6AB3544B}.AppStore|x86.Deploy.0 = Release|x86
		{975D9B64-DF4E-4CB4-8AEB-9B6E6AB3544B}.Debug|Any CPU.ActiveCfg = Debug|x86
		{975D9B64-DF4E-4CB4-8AEB-9B6E6AB3544B}.Debug|ARM.ActiveCfg = Debug|ARM
		{975D9B64-DF4E-4CB4-8AEB-9B6E6AB3544B}.Debug|ARM.Build.0 = Debug|ARM
		{975D9B64-DF4E-4CB4-8AEB-9B6E6AB3544B}.Debug|ARM.Deploy.0 = Debug|ARM
		{975D9B64-DF4E-4CB4-8AEB-9B6E6AB3544B}.Debug|iPhone.ActiveCfg = Debug|x86
		{975D9B64-DF4E-4CB4-8AEB-9B6E6AB3544B}.Debug|iPhoneSimulator.ActiveCfg = Debug|x86
		{975D9B64-DF4E-4CB4-8AEB-9B6E6AB3544B}.Debug|x64.ActiveCfg = Debug|x64
		{975D9B64-DF4E-4CB4-8AEB-9B6E6AB3544B}.Debug|x64.Build.0 = Debug|x64
		{975D9B64-DF4E-4CB4-8AEB-9B6E6AB3544B}.Debug|x64.Deploy.0 = Debug|x64
		{975D9B64-DF4E-4CB4-8AEB-9B6E6AB3544B}.Debug|x86.ActiveCfg = Debug|x86
		{975D9B64-DF4E-4CB4-8AEB-9B6E6AB3544B}.Debug|x86.Build.0 = Debug|x86
		{975D9B64-DF4E-4CB4-8AEB-9B6E6AB3544B}.Debug|x86.Deploy.0 = Debug|x86
		{975D9B64-DF4E-4CB4-8AEB-9B6E6AB3544B}.Release|Any CPU.ActiveCfg = Release|x86
		{975D9B64-DF4E-4CB4-8AEB-9B6E6AB3544B}.Release|ARM.ActiveCfg = Release|ARM
		{975D9B64-DF4E-4CB4-8AEB-9B6E6AB3544B}.Release|ARM.Build.0 = Release|ARM
		{975D9B64-DF4E-4CB4-8AEB-9B6E6AB3544B}.Release|ARM.Deploy.0 = Release|ARM
		{975D9B64-DF4E-4CB4-8AEB-9B6E6AB3544B}.Release|iPhone.ActiveCfg = Release|x86
		{975D9B64-DF4E-4CB4-8AEB-9B6E6AB3544B}.Release|iPhoneSimulator.ActiveCfg = Release|x86
		{975D9B64-DF4E-4CB4-8AEB-9B6E6AB3544B}.Release|x64.ActiveCfg = Release|x64
		{975D9B64-DF4E-4CB4-8AEB-9B6E6AB3544B}.Release|x64.Build.0 = Release|x64
		{975D9B64-DF4E-4CB4-8AEB-9B6E6AB3544B}.Release|x64.Deploy.0 = Release|x64
		{975D9B64-DF4E-4CB4-8AEB-9B6E6AB3544B}.Release|x86.ActiveCfg = Release|x86
		{975D9B64-DF4E-4CB4-8AEB-9B6E6AB3544B}.Release|x86.Build.0 = Release|x86
		{975D9B64-DF4E-4CB4-8AEB-9B6E6AB3544B}.Release|x86.Deploy.0 = Release|x86
		{1E5497F8-329B-41F2-85B7-2479A1646616}.Ad-Hoc|Any CPU.ActiveCfg = Ad-Hoc|iPhoneSimulator
		{1E5497F8-329B-41F2-85B7-2479A1646616}.Ad-Hoc|ARM.ActiveCfg = Ad-Hoc|iPhone
		{1E5497F8-329B-41F2-85B7-2479A1646616}.Ad-Hoc|iPhone.ActiveCfg = Ad-Hoc|iPhone
		{1E5497F8-329B-41F2-85B7-2479A1646616}.Ad-Hoc|iPhone.Build.0 = Ad-Hoc|iPhone
		{1E5497F8-329B-41F2-85B7-2479A1646616}.Ad-Hoc|iPhoneSimulator.ActiveCfg = Ad-Hoc|iPhoneSimulator
		{1E5497F8-329B-41F2-85B7-2479A1646616}.Ad-Hoc|iPhoneSimulator.Build.0 = Ad-Hoc|iPhoneSimulator
		{1E5497F8-329B-41F2-85B7-2479A1646616}.Ad-Hoc|x64.ActiveCfg = Ad-Hoc|iPhone
		{1E5497F8-329B-41F2-85B7-2479A1646616}.Ad-Hoc|x86.ActiveCfg = Ad-Hoc|iPhone
		{1E5497F8-329B-41F2-85B7-2479A1646616}.AppStore|Any CPU.ActiveCfg = AppStore|iPhoneSimulator
		{1E5497F8-329B-41F2-85B7-2479A1646616}.AppStore|ARM.ActiveCfg = AppStore|iPhone
		{1E5497F8-329B-41F2-85B7-2479A1646616}.AppStore|iPhone.ActiveCfg = AppStore|iPhone
		{1E5497F8-329B-41F2-85B7-2479A1646616}.AppStore|iPhone.Build.0 = AppStore|iPhone
		{1E5497F8-329B-41F2-85B7-2479A1646616}.AppStore|iPhoneSimulator.ActiveCfg = AppStore|iPhoneSimulator
		{1E5497F8-329B-41F2-85B7-2479A1646616}.AppStore|iPhoneSimulator.Build.0 = AppStore|iPhoneSimulator
		{1E5497F8-329B-41F2-85B7-2479A1646616}.AppStore|x64.ActiveCfg = AppStore|iPhone
		{1E5497F8-329B-41F2-85B7-2479A1646616}.AppStore|x86.ActiveCfg = AppStore|iPhone
		{1E5497F8-329B-41F2-85B7-2479A1646616}.Debug|Any CPU.ActiveCfg = Debug|iPhoneSimulator
		{1E5497F8-329B-41F2-85B7-2479A1646616}.Debug|ARM.ActiveCfg = Debug|iPhone
		{1E5497F8-329B-41F2-85B7-2479A1646616}.Debug|iPhone.ActiveCfg = Debug|iPhone
		{1E5497F8-329B-41F2-85B7-2479A1646616}.Debug|iPhone.Build.0 = Debug|iPhone
		{1E5497F8-329B-41F2-85B7-2479A1646616}.Debug|iPhoneSimulator.ActiveCfg = Debug|iPhoneSimulator
		{1E5497F8-329B-41F2-85B7-2479A1646616}.Debug|iPhoneSimulator.Build.0 = Debug|iPhoneSimulator
		{1E5497F8-329B-41F2-85B7-2479A1646616}.Debug|x64.ActiveCfg = Debug|iPhone
		{1E5497F8-329B-41F2-85B7-2479A1646616}.Debug|x86.ActiveCfg = Debug|iPhone
		{1E5497F8-329B-41F2-85B7-2479A1646616}.Release|Any CPU.ActiveCfg = Release|iPhoneSimulator
		{1E5497F8-329B-41F2-85B7-2479A1646616}.Release|ARM.ActiveCfg = Release|iPhone
		{1E5497F8-329B-41F2-85B7-2479A1646616}.Release|iPhone.ActiveCfg = Release|iPhone
		{1E5497F8-329B-41F2-85B7-2479A1646616}.Release|iPhone.Build.0 = Release|iPhone
		{1E5497F8-329B-41F2-85B7-2479A1646616}.Release|iPhoneSimulator.ActiveCfg = Release|iPhoneSimulator
		{1E5497F8-329B-41F2-85B7-2479A1646616}.Release|iPhoneSimulator.Build.0 = Release|iPhoneSimulator
		{1E5497F8-329B-41F2-85B7-2479A1646616}.Release|x64.ActiveCfg = Release|iPhone
		{1E5497F8-329B-41F2-85B7-2479A1646616}.Release|x86.ActiveCfg = Release|iPhone
		{982112C2-DB88-4148-977F-0AB16F7E74B4}.Ad-Hoc|Any CPU.ActiveCfg = Debug|Any CPU
		{982112C2-DB88-4148-977F-0AB16F7E74B4}.Ad-Hoc|Any CPU.Build.0 = Debug|Any CPU
		{982112C2-DB88-4148-977F-0AB16F7E74B4}.Ad-Hoc|ARM.ActiveCfg = Debug|Any CPU
		{982112C2-DB88-4148-977F-0AB16F7E74B4}.Ad-Hoc|ARM.Build.0 = Debug|Any CPU
		{982112C2-DB88-4148-977F-0AB16F7E74B4}.Ad-Hoc|iPhone.ActiveCfg = Debug|Any CPU
		{982112C2-DB88-4148-977F-0AB16F7E74B4}.Ad-Hoc|iPhone.Build.0 = Debug|Any CPU
		{982112C2-DB88-4148-977F-0AB16F7E74B4}.Ad-Hoc|iPhoneSimulator.ActiveCfg = Debug|Any CPU
		{982112C2-DB88-4148-977F-0AB16F7E74B4}.Ad-Hoc|iPhoneSimulator.Build.0 = Debug|Any CPU
		{982112C2-DB88-4148-977F-0AB16F7E74B4}.Ad-Hoc|x64.ActiveCfg = Debug|Any CPU
		{982112C2-DB88-4148-977F-0AB16F7E74B4}.Ad-Hoc|x64.Build.0 = Debug|Any CPU
		{982112C2-DB88-4148-977F-0AB16F7E74B4}.Ad-Hoc|x86.ActiveCfg = Debug|Any CPU
		{982112C2-DB88-4148-977F-0AB16F7E74B4}.Ad-Hoc|x86.Build.0 = Debug|Any CPU
		{982112C2-DB88-4148-977F-0AB16F7E74B4}.AppStore|Any CPU.ActiveCfg = Debug|Any CPU
		{982112C2-DB88-4148-977F-0AB16F7E74B4}.AppStore|Any CPU.Build.0 = Debug|Any CPU
		{982112C2-DB88-4148-977F-0AB16F7E74B4}.AppStore|ARM.ActiveCfg = Debug|Any CPU
		{982112C2-DB88-4148-977F-0AB16F7E74B4}.AppStore|ARM.Build.0 = Debug|Any CPU
		{982112C2-DB88-4148-977F-0AB16F7E74B4}.AppStore|iPhone.ActiveCfg = Debug|Any CPU
		{982112C2-DB88-4148-977F-0AB16F7E74B4}.AppStore|iPhone.Build.0 = Debug|Any CPU
		{982112C2-DB88-4148-977F-0AB16F7E74B4}.AppStore|iPhoneSimulator.ActiveCfg = Debug|Any CPU
		{982112C2-DB88-4148-977F-0AB16F7E74B4}.AppStore|iPhoneSimulator.Build.0 = Debug|Any CPU
		{982112C2-DB88-4148-977F-0AB16F7E74B4}.AppStore|x64.ActiveCfg = Debug|Any CPU
		{982112C2-DB88-4148-977F-0AB16F7E74B4}.AppStore|x64.Build.0 = Debug|Any CPU
		{982112C2-DB88-4148-977F-0AB16F7E74B4}.AppStore|x86.ActiveCfg = Debug|Any CPU
		{982112C2-DB88-4148-977F-0AB16F7E74B4}.AppStore|x86.Build.0 = Debug|Any CPU
		{982112C2-DB88-4148-977F-0AB16F7E74B4}.Debug|Any CPU.ActiveCfg = Debug|Any CPU
		{982112C2-DB88-4148-977F-0AB16F7E74B4}.Debug|Any CPU.Build.0 = Debug|Any CPU
		{982112C2-DB88-4148-977F-0AB16F7E74B4}.Debug|ARM.ActiveCfg = Debug|Any CPU
		{982112C2-DB88-4148-977F-0AB16F7E74B4}.Debug|ARM.Build.0 = Debug|Any CPU
		{982112C2-DB88-4148-977F-0AB16F7E74B4}.Debug|iPhone.ActiveCfg = Debug|Any CPU
		{982112C2-DB88-4148-977F-0AB16F7E74B4}.Debug|iPhone.Build.0 = Debug|Any CPU
		{982112C2-DB88-4148-977F-0AB16F7E74B4}.Debug|iPhoneSimulator.ActiveCfg = Debug|Any CPU
		{982112C2-DB88-4148-977F-0AB16F7E74B4}.Debug|iPhoneSimulator.Build.0 = Debug|Any CPU
		{982112C2-DB88-4148-977F-0AB16F7E74B4}.Debug|x64.ActiveCfg = Debug|Any CPU
		{982112C2-DB88-4148-977F-0AB16F7E74B4}.Debug|x64.Build.0 = Debug|Any CPU
		{982112C2-DB88-4148-977F-0AB16F7E74B4}.Debug|x86.ActiveCfg = Debug|Any CPU
		{982112C2-DB88-4148-977F-0AB16F7E74B4}.Debug|x86.Build.0 = Debug|Any CPU
		{982112C2-DB88-4148-977F-0AB16F7E74B4}.Release|Any CPU.ActiveCfg = Release|Any CPU
		{982112C2-DB88-4148-977F-0AB16F7E74B4}.Release|Any CPU.Build.0 = Release|Any CPU
		{982112C2-DB88-4148-977F-0AB16F7E74B4}.Release|ARM.ActiveCfg = Release|Any CPU
		{982112C2-DB88-4148-977F-0AB16F7E74B4}.Release|ARM.Build.0 = Release|Any CPU
		{982112C2-DB88-4148-977F-0AB16F7E74B4}.Release|iPhone.ActiveCfg = Release|Any CPU
		{982112C2-DB88-4148-977F-0AB16F7E74B4}.Release|iPhone.Build.0 = Release|Any CPU
		{982112C2-DB88-4148-977F-0AB16F7E74B4}.Release|iPhoneSimulator.ActiveCfg = Release|Any CPU
		{982112C2-DB88-4148-977F-0AB16F7E74B4}.Release|iPhoneSimulator.Build.0 = Release|Any CPU
		{982112C2-DB88-4148-977F-0AB16F7E74B4}.Release|x64.ActiveCfg = Release|Any CPU
		{982112C2-DB88-4148-977F-0AB16F7E74B4}.Release|x64.Build.0 = Release|Any CPU
		{982112C2-DB88-4148-977F-0AB16F7E74B4}.Release|x86.ActiveCfg = Release|Any CPU
		{982112C2-DB88-4148-977F-0AB16F7E74B4}.Release|x86.Build.0 = Release|Any CPU
	EndGlobalSection
	GlobalSection(SolutionProperties) = preSolution
		HideSolutionNode = FALSE
	EndGlobalSection
	GlobalSection(ExtensibilityGlobals) = postSolution
		SolutionGuid = {3A07524F-5A28-4701-88FA-771951C3089D}
	EndGlobalSection
EndGlobal
